// !$*UTF8*$!
{
	archiveVersion = 1;
	classes = {
	};
	objectVersion = 77;
	objects = {

/* Begin PBXBuildFile section */
		00BED3B993E2DFF8FF405450 /* ChatView.swift in Sources */ = {isa = PBXBuildFile; fileRef = 84CA6C1AF39821E54F8534F5 /* ChatView.swift */; };
		01AC9DE51C754B8C7F16EA85 /* NotAtHome.swift in Sources */ = {isa = PBXBuildFile; fileRef = 8419A83FCAF05386690F3047 /* NotAtHome.swift */; };
		036752F17EBE338D78EF9E84 /* ChatMessage.swift in Sources */ = {isa = PBXBuildFile; fileRef = B8996CDBC2790E597C029F3E /* ChatMessage.swift */; };
		080E27A7DE78DC86496F2C14 /* Persistence.swift in Sources */ = {isa = PBXBuildFile; fileRef = 24B8C2C735B98ADBDBC2D2E1 /* Persistence.swift */; };
		0D8B82C37CB5BEA455A996B8 /* ChatAction.swift in Sources */ = {isa = PBXBuildFile; fileRef = 617EFCAB68E2A232E8B4C247 /* ChatAction.swift */; };
		1A623D4682786175B8F4A21E /* Assets.xcassets in Resources */ = {isa = PBXBuildFile; fileRef = 0DAC81EFD9A875027A5F3356 /* Assets.xcassets */; };
		1B2D890A24D56A2FED22C1CC /* Assistant.swift in Sources */ = {isa = PBXBuildFile; fileRef = E879B37F10F3C7D804426147 /* Assistant.swift */; };
		21A20BA7CD4D339A4ECADD93 /* BackupService.swift in Sources */ = {isa = PBXBuildFile; fileRef = E0A1F55B604DC2079AB08E40 /* BackupService.swift */; };
		22CD245E8EEABA7F70672F8F /* ScanTerritoryView.swift in Sources */ = {isa = PBXBuildFile; fileRef = DC9ADA8A7512D2EA85B83555 /* ScanTerritoryView.swift */; };
		2C91AC5087DAB54223B3E354 /* ChatThreadTests.swift in Sources */ = {isa = PBXBuildFile; fileRef = 4875C9549E7862DEEED52C61 /* ChatThreadTests.swift */; };
		2F6ABA329024D0CF3C3C0A58 /* Person.swift in Sources */ = {isa = PBXBuildFile; fileRef = 9E29F7841510F387719F25D7 /* Person.swift */; };
		382367D01C6A417CE2E5DD2B /* App.swift in Sources */ = {isa = PBXBuildFile; fileRef = D20A91E99FD55D55D8EACDED /* App.swift */; };
		4487BC52B74EBD2D505115E5 /* InterestLevel.swift in Sources */ = {isa = PBXBuildFile; fileRef = 298A3BAFB7BE43C4F106FC32 /* InterestLevel.swift */; };
		49D621AFC95114428C6CDB29 /* NearbyAddresses.swift in Sources */ = {isa = PBXBuildFile; fileRef = 63757C1BD2DC2B8FF47A67A3 /* NearbyAddresses.swift */; };
		56EB1250D6572728B7105313 /* ExploreView.swift in Sources */ = {isa = PBXBuildFile; fileRef = 740D99B12F5560B4FB42977C /* ExploreView.swift */; };
		5DA6B148F45F6B06C6EDABC0 /* ReturnHint.swift in Sources */ = {isa = PBXBuildFile; fileRef = 12FD64C82EF89C75AF694B09 /* ReturnHint.swift */; };
		5F2EE871A1EDFB616024D6EA /* InlineLinkRows.swift in Sources */ = {isa = PBXBuildFile; fileRef = 0027DAF48925831F7D7E2C29 /* InlineLinkRows.swift */; };
		6028DDDF5A0FEC86E453F38D /* RootView.swift in Sources */ = {isa = PBXBuildFile; fileRef = 21848E5C86F17E10F3F51628 /* RootView.swift */; };
		61DB9819451BE7DA32DA2794 /* FeedCardTextTests.swift in Sources */ = {isa = PBXBuildFile; fileRef = 6753FDB7F8A96BF40ADA48FA /* FeedCardTextTests.swift */; };
		64ED89DDDF6CE30F4DE20B4F /* NotebookEngineTests.swift in Sources */ = {isa = PBXBuildFile; fileRef = 74B31AD5C186233C534C227D /* NotebookEngineTests.swift */; };
		66C8D08F2FF6E2105EBB437C /* LocationPickerView.swift in Sources */ = {isa = PBXBuildFile; fileRef = AB6DA447044EBDE37A2FDF30 /* LocationPickerView.swift */; };
		6C0D1DFB72F861A8C761D145 /* ServicePlansView.swift in Sources */ = {isa = PBXBuildFile; fileRef = 8D7C7FF0197EE9F0B2D27AF0 /* ServicePlansView.swift */; };
		6D68402AC16CFEF521FA58F9 /* NotAtHomePromotion.swift in Sources */ = {isa = PBXBuildFile; fileRef = 4F606EFCCEC07BA1C0F367E6 /* NotAtHomePromotion.swift */; };
		7181F4682F8C182982543E30 /* SpeechTranscriber.swift in Sources */ = {isa = PBXBuildFile; fileRef = 161002091502A91A3F7D9B8D /* SpeechTranscriber.swift */; };
		74699FE3739FE7E776B8B217 /* LocationActionView.swift in Sources */ = {isa = PBXBuildFile; fileRef = 9BABF262760C872718234B19 /* LocationActionView.swift */; };
		7545CAB0B42675290D3B1426 /* FeedCards.swift in Sources */ = {isa = PBXBuildFile; fileRef = 1126ED96807CB912927EEBFB /* FeedCards.swift */; };
		7F3986204128A54B22FAE9D9 /* CurrentLocationProvider.swift in Sources */ = {isa = PBXBuildFile; fileRef = F3DAB0464D3E055F5A96599E /* CurrentLocationProvider.swift */; };
		7F39D6CF9ADDB4FFE0626880 /* TextRecognizer.swift in Sources */ = {isa = PBXBuildFile; fileRef = 60C6CDFC0DE0462C3ACEF6ED /* TextRecognizer.swift */; };
		8102630197509B3EA189F0D9 /* ReminderScheduler.swift in Sources */ = {isa = PBXBuildFile; fileRef = 382902BF382DDA01BCE1A150 /* ReminderScheduler.swift */; };
		82F0DAAAE37077A541670F8A /* OnboardingView.swift in Sources */ = {isa = PBXBuildFile; fileRef = 0BC5909329695521F7EF5D14 /* OnboardingView.swift */; };
		90D2375949436764BFC809AC /* RVUITests.swift in Sources */ = {isa = PBXBuildFile; fileRef = 744443C0EBBCE780F75D38C4 /* RVUITests.swift */; };
		96A2FFCE32E4F1EDFE56ECDC /* PromotionTests.swift in Sources */ = {isa = PBXBuildFile; fileRef = F7B6520802BA65AD4CD1FFF2 /* PromotionTests.swift */; };
		9CC0A370BF283ADEF1DA5FAC /* AppModelContainer.swift in Sources */ = {isa = PBXBuildFile; fileRef = B719FF831390531EC56EFCDD /* AppModelContainer.swift */; };
		9CFA32C68C81A07352AEF2C8 /* AddTerritoryInline.swift in Sources */ = {isa = PBXBuildFile; fileRef = 74A702982354C76F58782607 /* AddTerritoryInline.swift */; };
		A62E76252C2ECF5C1F704550 /* MasonryLayoutTests.swift in Sources */ = {isa = PBXBuildFile; fileRef = E1F326923213665A09074DFA /* MasonryLayoutTests.swift */; };
		A65BE4EB16EC209DA58E2505 /* ChatThread.swift in Sources */ = {isa = PBXBuildFile; fileRef = 70A7C6B870C5FD83CED0DCFD /* ChatThread.swift */; };
		ABBF10D7F48DFF2405D6B615 /* Territory.swift in Sources */ = {isa = PBXBuildFile; fileRef = 645767321E5FFAD742BF29F0 /* Territory.swift */; };
		B06D189A43BF461B5334789E /* DoNotCall.swift in Sources */ = {isa = PBXBuildFile; fileRef = 031E2F6E5EA7786F6C0EA27E /* DoNotCall.swift */; };
		B4619E227E85AE1E7D286CFF /* TerritoryDetailView.swift in Sources */ = {isa = PBXBuildFile; fileRef = 8DE8C7C49E4F6A55BF8CAD28 /* TerritoryDetailView.swift */; };
		BCD57DE5E03F083E5F8D77C2 /* NotAtHomeTests.swift in Sources */ = {isa = PBXBuildFile; fileRef = 72204FF920E77122EA856CE8 /* NotAtHomeTests.swift */; };
		C2C1DDD3D6C1CE9DE2CAB82B /* NotebookEngine.swift in Sources */ = {isa = PBXBuildFile; fileRef = 8795962121751E65623B8772 /* NotebookEngine.swift */; };
		C31E797A4114000F34B7F69A /* JournalEntry.swift in Sources */ = {isa = PBXBuildFile; fileRef = 8B285C19A94C5276CA8C46A1 /* JournalEntry.swift */; };
		C51739A88021DB32B20652F9 /* ImagePicker.swift in Sources */ = {isa = PBXBuildFile; fileRef = 369A1EFA1E6163661AEFE8A2 /* ImagePicker.swift */; };
		C929121D1F073FD5B2703B5F /* ServicePlan.swift in Sources */ = {isa = PBXBuildFile; fileRef = 90CE66E00F6CA434DCB38DBF /* ServicePlan.swift */; };
		CADD3EAEF53B69CB643581BE /* HarvestIntents.swift in Sources */ = {isa = PBXBuildFile; fileRef = B68745659FD6EA4CD121B76A /* HarvestIntents.swift */; };
		CFD966F9CE01E7F3DCA9FDE0 /* RecentlyDeletedView.swift in Sources */ = {isa = PBXBuildFile; fileRef = 7B598C802C616E5ADF069069 /* RecentlyDeletedView.swift */; };
		E2CFE78A605763C6AB8CB0D4 /* Geocoder.swift in Sources */ = {isa = PBXBuildFile; fileRef = 417396D14A8118872CEC8C76 /* Geocoder.swift */; };
		E469C6014527B4F2D900E90F /* PersonDetailView.swift in Sources */ = {isa = PBXBuildFile; fileRef = 331823B82CF9674A79EEE6E1 /* PersonDetailView.swift */; };
		E485542F74BB1F67D2F8651F /* MarkdownMessage.swift in Sources */ = {isa = PBXBuildFile; fileRef = 09E252F5F175ABB47E328C0F /* MarkdownMessage.swift */; };
		E7C6236F10F7FE6FEF16C0C7 /* DateHelpers.swift in Sources */ = {isa = PBXBuildFile; fileRef = A842400C44FA1C30524861D6 /* DateHelpers.swift */; };
		EBF6497A60DAC4F6AC4FFD27 /* NotificationCoordinator.swift in Sources */ = {isa = PBXBuildFile; fileRef = A8E4BBF0F050699F94BDA9FB /* NotificationCoordinator.swift */; };
		ED7F48A30DB21D72644F7A53 /* CalendarExport.swift in Sources */ = {isa = PBXBuildFile; fileRef = 524E3A855C5CD18A9147BEF5 /* CalendarExport.swift */; };
		F084FE97388CF3D0A1374994 /* FallbackParserTests.swift in Sources */ = {isa = PBXBuildFile; fileRef = B6065AF0C9A2E1D7D4D1B919 /* FallbackParserTests.swift */; };
		F0E84496A0843FEDF141ACF3 /* ExplorePanel.swift in Sources */ = {isa = PBXBuildFile; fileRef = 76E9180FB6569D431402D989 /* ExplorePanel.swift */; };
		F3426727FE6732E229BB1EE3 /* FallbackParser.swift in Sources */ = {isa = PBXBuildFile; fileRef = 70C0E4D0949CF904B6AE33CF /* FallbackParser.swift */; };
		F70D8E37A459B86ABC4E51B8 /* SettingsView.swift in Sources */ = {isa = PBXBuildFile; fileRef = 7C807541CD871D4E544B5BA8 /* SettingsView.swift */; };
		FC0070B71126AC9E1C36F236 /* ReturnHintTests.swift in Sources */ = {isa = PBXBuildFile; fileRef = A7BFDA415FE29DB3526EAA66 /* ReturnHintTests.swift */; };
/* End PBXBuildFile section */

/* Begin PBXContainerItemProxy section */
		B3EC7A2709D774CF3170F405 /* PBXContainerItemProxy */ = {
			isa = PBXContainerItemProxy;
			containerPortal = F058076A330BF128F8B08D94 /* Project object */;
			proxyType = 1;
			remoteGlobalIDString = B8F6FB3B2C632729B0929F7D;
			remoteInfo = Harvest;
		};
		CAE853F859DC82B38F4743F9 /* PBXContainerItemProxy */ = {
			isa = PBXContainerItemProxy;
			containerPortal = F058076A330BF128F8B08D94 /* Project object */;
			proxyType = 1;
			remoteGlobalIDString = B8F6FB3B2C632729B0929F7D;
			remoteInfo = Harvest;
		};
/* End PBXContainerItemProxy section */

/* Begin PBXFileReference section */
		0027DAF48925831F7D7E2C29 /* InlineLinkRows.swift */ = {isa = PBXFileReference; lastKnownFileType = sourcecode.swift; path = InlineLinkRows.swift; sourceTree = "<group>"; };
		031E2F6E5EA7786F6C0EA27E /* DoNotCall.swift */ = {isa = PBXFileReference; lastKnownFileType = sourcecode.swift; path = DoNotCall.swift; sourceTree = "<group>"; };
		09E252F5F175ABB47E328C0F /* MarkdownMessage.swift */ = {isa = PBXFileReference; lastKnownFileType = sourcecode.swift; path = MarkdownMessage.swift; sourceTree = "<group>"; };
		0BC5909329695521F7EF5D14 /* OnboardingView.swift */ = {isa = PBXFileReference; lastKnownFileType = sourcecode.swift; path = OnboardingView.swift; sourceTree = "<group>"; };
		0DAC81EFD9A875027A5F3356 /* Assets.xcassets */ = {isa = PBXFileReference; lastKnownFileType = folder.assetcatalog; path = Assets.xcassets; sourceTree = "<group>"; };
		1126ED96807CB912927EEBFB /* FeedCards.swift */ = {isa = PBXFileReference; lastKnownFileType = sourcecode.swift; path = FeedCards.swift; sourceTree = "<group>"; };
		12FD64C82EF89C75AF694B09 /* ReturnHint.swift */ = {isa = PBXFileReference; lastKnownFileType = sourcecode.swift; path = ReturnHint.swift; sourceTree = "<group>"; };
		161002091502A91A3F7D9B8D /* SpeechTranscriber.swift */ = {isa = PBXFileReference; lastKnownFileType = sourcecode.swift; path = SpeechTranscriber.swift; sourceTree = "<group>"; };
		21848E5C86F17E10F3F51628 /* RootView.swift */ = {isa = PBXFileReference; lastKnownFileType = sourcecode.swift; path = RootView.swift; sourceTree = "<group>"; };
		24B8C2C735B98ADBDBC2D2E1 /* Persistence.swift */ = {isa = PBXFileReference; lastKnownFileType = sourcecode.swift; path = Persistence.swift; sourceTree = "<group>"; };
		298A3BAFB7BE43C4F106FC32 /* InterestLevel.swift */ = {isa = PBXFileReference; lastKnownFileType = sourcecode.swift; path = InterestLevel.swift; sourceTree = "<group>"; };
		331823B82CF9674A79EEE6E1 /* PersonDetailView.swift */ = {isa = PBXFileReference; lastKnownFileType = sourcecode.swift; path = PersonDetailView.swift; sourceTree = "<group>"; };
		369A1EFA1E6163661AEFE8A2 /* ImagePicker.swift */ = {isa = PBXFileReference; lastKnownFileType = sourcecode.swift; path = ImagePicker.swift; sourceTree = "<group>"; };
		382902BF382DDA01BCE1A150 /* ReminderScheduler.swift */ = {isa = PBXFileReference; lastKnownFileType = sourcecode.swift; path = ReminderScheduler.swift; sourceTree = "<group>"; };
		39DB94D00AE4137DABF1809D /* HarvestUITests.xctest */ = {isa = PBXFileReference; explicitFileType = wrapper.cfbundle; includeInIndex = 0; path = HarvestUITests.xctest; sourceTree = BUILT_PRODUCTS_DIR; };
		417396D14A8118872CEC8C76 /* Geocoder.swift */ = {isa = PBXFileReference; lastKnownFileType = sourcecode.swift; path = Geocoder.swift; sourceTree = "<group>"; };
		47E908298DE00CED5CFFC74C /* HarvestTests.xctest */ = {isa = PBXFileReference; explicitFileType = wrapper.cfbundle; includeInIndex = 0; path = HarvestTests.xctest; sourceTree = BUILT_PRODUCTS_DIR; };
		4875C9549E7862DEEED52C61 /* ChatThreadTests.swift */ = {isa = PBXFileReference; lastKnownFileType = sourcecode.swift; path = ChatThreadTests.swift; sourceTree = "<group>"; };
		4F606EFCCEC07BA1C0F367E6 /* NotAtHomePromotion.swift */ = {isa = PBXFileReference; lastKnownFileType = sourcecode.swift; path = NotAtHomePromotion.swift; sourceTree = "<group>"; };
		524E3A855C5CD18A9147BEF5 /* CalendarExport.swift */ = {isa = PBXFileReference; lastKnownFileType = sourcecode.swift; path = CalendarExport.swift; sourceTree = "<group>"; };
		60C6CDFC0DE0462C3ACEF6ED /* TextRecognizer.swift */ = {isa = PBXFileReference; lastKnownFileType = sourcecode.swift; path = TextRecognizer.swift; sourceTree = "<group>"; };
		617EFCAB68E2A232E8B4C247 /* ChatAction.swift */ = {isa = PBXFileReference; lastKnownFileType = sourcecode.swift; path = ChatAction.swift; sourceTree = "<group>"; };
		63757C1BD2DC2B8FF47A67A3 /* NearbyAddresses.swift */ = {isa = PBXFileReference; lastKnownFileType = sourcecode.swift; path = NearbyAddresses.swift; sourceTree = "<group>"; };
		645767321E5FFAD742BF29F0 /* Territory.swift */ = {isa = PBXFileReference; lastKnownFileType = sourcecode.swift; path = Territory.swift; sourceTree = "<group>"; };
		6753FDB7F8A96BF40ADA48FA /* FeedCardTextTests.swift */ = {isa = PBXFileReference; lastKnownFileType = sourcecode.swift; path = FeedCardTextTests.swift; sourceTree = "<group>"; };
		70A7C6B870C5FD83CED0DCFD /* ChatThread.swift */ = {isa = PBXFileReference; lastKnownFileType = sourcecode.swift; path = ChatThread.swift; sourceTree = "<group>"; };
		70C0E4D0949CF904B6AE33CF /* FallbackParser.swift */ = {isa = PBXFileReference; lastKnownFileType = sourcecode.swift; path = FallbackParser.swift; sourceTree = "<group>"; };
		72204FF920E77122EA856CE8 /* NotAtHomeTests.swift */ = {isa = PBXFileReference; lastKnownFileType = sourcecode.swift; path = NotAtHomeTests.swift; sourceTree = "<group>"; };
		740D99B12F5560B4FB42977C /* ExploreView.swift */ = {isa = PBXFileReference; lastKnownFileType = sourcecode.swift; path = ExploreView.swift; sourceTree = "<group>"; };
		744443C0EBBCE780F75D38C4 /* RVUITests.swift */ = {isa = PBXFileReference; lastKnownFileType = sourcecode.swift; path = RVUITests.swift; sourceTree = "<group>"; };
		74A702982354C76F58782607 /* AddTerritoryInline.swift */ = {isa = PBXFileReference; lastKnownFileType = sourcecode.swift; path = AddTerritoryInline.swift; sourceTree = "<group>"; };
		74B31AD5C186233C534C227D /* NotebookEngineTests.swift */ = {isa = PBXFileReference; lastKnownFileType = sourcecode.swift; path = NotebookEngineTests.swift; sourceTree = "<group>"; };
		76E9180FB6569D431402D989 /* ExplorePanel.swift */ = {isa = PBXFileReference; lastKnownFileType = sourcecode.swift; path = ExplorePanel.swift; sourceTree = "<group>"; };
		7B598C802C616E5ADF069069 /* RecentlyDeletedView.swift */ = {isa = PBXFileReference; lastKnownFileType = sourcecode.swift; path = RecentlyDeletedView.swift; sourceTree = "<group>"; };
		7C807541CD871D4E544B5BA8 /* SettingsView.swift */ = {isa = PBXFileReference; lastKnownFileType = sourcecode.swift; path = SettingsView.swift; sourceTree = "<group>"; };
		8419A83FCAF05386690F3047 /* NotAtHome.swift */ = {isa = PBXFileReference; lastKnownFileType = sourcecode.swift; path = NotAtHome.swift; sourceTree = "<group>"; };
		84CA6C1AF39821E54F8534F5 /* ChatView.swift */ = {isa = PBXFileReference; lastKnownFileType = sourcecode.swift; path = ChatView.swift; sourceTree = "<group>"; };
		8795962121751E65623B8772 /* NotebookEngine.swift */ = {isa = PBXFileReference; lastKnownFileType = sourcecode.swift; path = NotebookEngine.swift; sourceTree = "<group>"; };
		8B285C19A94C5276CA8C46A1 /* JournalEntry.swift */ = {isa = PBXFileReference; lastKnownFileType = sourcecode.swift; path = JournalEntry.swift; sourceTree = "<group>"; };
		8D7C7FF0197EE9F0B2D27AF0 /* ServicePlansView.swift */ = {isa = PBXFileReference; lastKnownFileType = sourcecode.swift; path = ServicePlansView.swift; sourceTree = "<group>"; };
		8DE8C7C49E4F6A55BF8CAD28 /* TerritoryDetailView.swift */ = {isa = PBXFileReference; lastKnownFileType = sourcecode.swift; path = TerritoryDetailView.swift; sourceTree = "<group>"; };
		90CE66E00F6CA434DCB38DBF /* ServicePlan.swift */ = {isa = PBXFileReference; lastKnownFileType = sourcecode.swift; path = ServicePlan.swift; sourceTree = "<group>"; };
		9BABF262760C872718234B19 /* LocationActionView.swift */ = {isa = PBXFileReference; lastKnownFileType = sourcecode.swift; path = LocationActionView.swift; sourceTree = "<group>"; };
		9E29F7841510F387719F25D7 /* Person.swift */ = {isa = PBXFileReference; lastKnownFileType = sourcecode.swift; path = Person.swift; sourceTree = "<group>"; };
		A78B53FFCDADC9C7B4CAC59A /* Info.plist */ = {isa = PBXFileReference; lastKnownFileType = text.plist; path = Info.plist; sourceTree = "<group>"; };
		A7BFDA415FE29DB3526EAA66 /* ReturnHintTests.swift */ = {isa = PBXFileReference; lastKnownFileType = sourcecode.swift; path = ReturnHintTests.swift; sourceTree = "<group>"; };
		A842400C44FA1C30524861D6 /* DateHelpers.swift */ = {isa = PBXFileReference; lastKnownFileType = sourcecode.swift; path = DateHelpers.swift; sourceTree = "<group>"; };
		A8E4BBF0F050699F94BDA9FB /* NotificationCoordinator.swift */ = {isa = PBXFileReference; lastKnownFileType = sourcecode.swift; path = NotificationCoordinator.swift; sourceTree = "<group>"; };
		AB6DA447044EBDE37A2FDF30 /* LocationPickerView.swift */ = {isa = PBXFileReference; lastKnownFileType = sourcecode.swift; path = LocationPickerView.swift; sourceTree = "<group>"; };
		B6065AF0C9A2E1D7D4D1B919 /* FallbackParserTests.swift */ = {isa = PBXFileReference; lastKnownFileType = sourcecode.swift; path = FallbackParserTests.swift; sourceTree = "<group>"; };
		B68745659FD6EA4CD121B76A /* HarvestIntents.swift */ = {isa = PBXFileReference; lastKnownFileType = sourcecode.swift; path = HarvestIntents.swift; sourceTree = "<group>"; };
		B719FF831390531EC56EFCDD /* AppModelContainer.swift */ = {isa = PBXFileReference; lastKnownFileType = sourcecode.swift; path = AppModelContainer.swift; sourceTree = "<group>"; };
		B8996CDBC2790E597C029F3E /* ChatMessage.swift */ = {isa = PBXFileReference; lastKnownFileType = sourcecode.swift; path = ChatMessage.swift; sourceTree = "<group>"; };
		BF782C138A716BFF346BA958 /* Harvest.app */ = {isa = PBXFileReference; explicitFileType = wrapper.application; includeInIndex = 0; path = Harvest.app; sourceTree = BUILT_PRODUCTS_DIR; };
		D20A91E99FD55D55D8EACDED /* App.swift */ = {isa = PBXFileReference; lastKnownFileType = sourcecode.swift; path = App.swift; sourceTree = "<group>"; };
		DC9ADA8A7512D2EA85B83555 /* ScanTerritoryView.swift */ = {isa = PBXFileReference; lastKnownFileType = sourcecode.swift; path = ScanTerritoryView.swift; sourceTree = "<group>"; };
		E0A1F55B604DC2079AB08E40 /* BackupService.swift */ = {isa = PBXFileReference; lastKnownFileType = sourcecode.swift; path = BackupService.swift; sourceTree = "<group>"; };
		E1F326923213665A09074DFA /* MasonryLayoutTests.swift */ = {isa = PBXFileReference; lastKnownFileType = sourcecode.swift; path = MasonryLayoutTests.swift; sourceTree = "<group>"; };
		E879B37F10F3C7D804426147 /* Assistant.swift */ = {isa = PBXFileReference; lastKnownFileType = sourcecode.swift; path = Assistant.swift; sourceTree = "<group>"; };
		F3DAB0464D3E055F5A96599E /* CurrentLocationProvider.swift */ = {isa = PBXFileReference; lastKnownFileType = sourcecode.swift; path = CurrentLocationProvider.swift; sourceTree = "<group>"; };
		F7B6520802BA65AD4CD1FFF2 /* PromotionTests.swift */ = {isa = PBXFileReference; lastKnownFileType = sourcecode.swift; path = PromotionTests.swift; sourceTree = "<group>"; };
/* End PBXFileReference section */

/* Begin PBXGroup section */
		1C094E1476688D2213C56F06 /* Views */ = {
			isa = PBXGroup;
			children = (
				74A702982354C76F58782607 /* AddTerritoryInline.swift */,
				84CA6C1AF39821E54F8534F5 /* ChatView.swift */,
				76E9180FB6569D431402D989 /* ExplorePanel.swift */,
				740D99B12F5560B4FB42977C /* ExploreView.swift */,
				1126ED96807CB912927EEBFB /* FeedCards.swift */,
				369A1EFA1E6163661AEFE8A2 /* ImagePicker.swift */,
				0027DAF48925831F7D7E2C29 /* InlineLinkRows.swift */,
				9BABF262760C872718234B19 /* LocationActionView.swift */,
				AB6DA447044EBDE37A2FDF30 /* LocationPickerView.swift */,
				09E252F5F175ABB47E328C0F /* MarkdownMessage.swift */,
				0BC5909329695521F7EF5D14 /* OnboardingView.swift */,
				331823B82CF9674A79EEE6E1 /* PersonDetailView.swift */,
				7B598C802C616E5ADF069069 /* RecentlyDeletedView.swift */,
				21848E5C86F17E10F3F51628 /* RootView.swift */,
				DC9ADA8A7512D2EA85B83555 /* ScanTerritoryView.swift */,
				8D7C7FF0197EE9F0B2D27AF0 /* ServicePlansView.swift */,
				7C807541CD871D4E544B5BA8 /* SettingsView.swift */,
				8DE8C7C49E4F6A55BF8CAD28 /* TerritoryDetailView.swift */,
			);
			path = Views;
			sourceTree = "<group>";
		};
		35A1821DDB333F3148A2F218 = {
			isa = PBXGroup;
			children = (
				7CE3ED9DD675BC829F506D4E /* Sources */,
				D6DF55BFD31F51B8068A6013 /* Tests */,
				B3EF6C29617C5C992AC1FE2D /* UITests */,
				AEBD3646E2162F0626552A35 /* Products */,
			);
			sourceTree = "<group>";
		};
		4304019A8501D39EB4F04388 /* Models */ = {
			isa = PBXGroup;
			children = (
				B719FF831390531EC56EFCDD /* AppModelContainer.swift */,
				B8996CDBC2790E597C029F3E /* ChatMessage.swift */,
				031E2F6E5EA7786F6C0EA27E /* DoNotCall.swift */,
				298A3BAFB7BE43C4F106FC32 /* InterestLevel.swift */,
				8B285C19A94C5276CA8C46A1 /* JournalEntry.swift */,
				8419A83FCAF05386690F3047 /* NotAtHome.swift */,
				9E29F7841510F387719F25D7 /* Person.swift */,
				12FD64C82EF89C75AF694B09 /* ReturnHint.swift */,
				90CE66E00F6CA434DCB38DBF /* ServicePlan.swift */,
				645767321E5FFAD742BF29F0 /* Territory.swift */,
			);
			path = Models;
			sourceTree = "<group>";
		};
		4C09A972EC7C44DC14364D08 /* Intents */ = {
			isa = PBXGroup;
			children = (
				B68745659FD6EA4CD121B76A /* HarvestIntents.swift */,
			);
			path = Intents;
			sourceTree = "<group>";
		};
		73EB24AE9CD34EF0F5D16960 /* AI */ = {
			isa = PBXGroup;
			children = (
				E879B37F10F3C7D804426147 /* Assistant.swift */,
				617EFCAB68E2A232E8B4C247 /* ChatAction.swift */,
				70A7C6B870C5FD83CED0DCFD /* ChatThread.swift */,
				70C0E4D0949CF904B6AE33CF /* FallbackParser.swift */,
				8795962121751E65623B8772 /* NotebookEngine.swift */,
			);
			path = AI;
			sourceTree = "<group>";
		};
		7CE3ED9DD675BC829F506D4E /* Sources */ = {
			isa = PBXGroup;
			children = (
				D20A91E99FD55D55D8EACDED /* App.swift */,
				0DAC81EFD9A875027A5F3356 /* Assets.xcassets */,
				A78B53FFCDADC9C7B4CAC59A /* Info.plist */,
				73EB24AE9CD34EF0F5D16960 /* AI */,
				4C09A972EC7C44DC14364D08 /* Intents */,
				4304019A8501D39EB4F04388 /* Models */,
				8D224CA507E12B6C3FB81E25 /* Services */,
				1C094E1476688D2213C56F06 /* Views */,
			);
			path = Sources;
			sourceTree = "<group>";
		};
		8D224CA507E12B6C3FB81E25 /* Services */ = {
			isa = PBXGroup;
			children = (
				E0A1F55B604DC2079AB08E40 /* BackupService.swift */,
				524E3A855C5CD18A9147BEF5 /* CalendarExport.swift */,
				F3DAB0464D3E055F5A96599E /* CurrentLocationProvider.swift */,
				A842400C44FA1C30524861D6 /* DateHelpers.swift */,
				417396D14A8118872CEC8C76 /* Geocoder.swift */,
				63757C1BD2DC2B8FF47A67A3 /* NearbyAddresses.swift */,
				4F606EFCCEC07BA1C0F367E6 /* NotAtHomePromotion.swift */,
				A8E4BBF0F050699F94BDA9FB /* NotificationCoordinator.swift */,
				24B8C2C735B98ADBDBC2D2E1 /* Persistence.swift */,
				382902BF382DDA01BCE1A150 /* ReminderScheduler.swift */,
				161002091502A91A3F7D9B8D /* SpeechTranscriber.swift */,
				60C6CDFC0DE0462C3ACEF6ED /* TextRecognizer.swift */,
			);
			path = Services;
			sourceTree = "<group>";
		};
		AEBD3646E2162F0626552A35 /* Products */ = {
			isa = PBXGroup;
			children = (
				BF782C138A716BFF346BA958 /* Harvest.app */,
				47E908298DE00CED5CFFC74C /* HarvestTests.xctest */,
				39DB94D00AE4137DABF1809D /* HarvestUITests.xctest */,
			);
			name = Products;
			sourceTree = "<group>";
		};
		B3EF6C29617C5C992AC1FE2D /* UITests */ = {
			isa = PBXGroup;
			children = (
				744443C0EBBCE780F75D38C4 /* RVUITests.swift */,
			);
			path = UITests;
			sourceTree = "<group>";
		};
		D6DF55BFD31F51B8068A6013 /* Tests */ = {
			isa = PBXGroup;
			children = (
				4875C9549E7862DEEED52C61 /* ChatThreadTests.swift */,
				B6065AF0C9A2E1D7D4D1B919 /* FallbackParserTests.swift */,
				6753FDB7F8A96BF40ADA48FA /* FeedCardTextTests.swift */,
				E1F326923213665A09074DFA /* MasonryLayoutTests.swift */,
				72204FF920E77122EA856CE8 /* NotAtHomeTests.swift */,
				74B31AD5C186233C534C227D /* NotebookEngineTests.swift */,
				F7B6520802BA65AD4CD1FFF2 /* PromotionTests.swift */,
				A7BFDA415FE29DB3526EAA66 /* ReturnHintTests.swift */,
			);
			path = Tests;
			sourceTree = "<group>";
		};
/* End PBXGroup section */

/* Begin PBXNativeTarget section */
		1D35F899AEEE1699BAC053BF /* HarvestUITests */ = {
			isa = PBXNativeTarget;
			buildConfigurationList = 6B4024DFABE1802E21C570F0 /* Build configuration list for PBXNativeTarget "HarvestUITests" */;
			buildPhases = (
				D9B8EE231B1AFA89AEEDF015 /* Sources */,
			);
			buildRules = (
			);
			dependencies = (
				5DDE403F2D64ECD26ED9E805 /* PBXTargetDependency */,
			);
			name = HarvestUITests;
			packageProductDependencies = (
			);
			productName = HarvestUITests;
			productReference = 39DB94D00AE4137DABF1809D /* HarvestUITests.xctest */;
			productType = "com.apple.product-type.bundle.ui-testing";
		};
		A703831DEF4A3C68144E4315 /* HarvestTests */ = {
			isa = PBXNativeTarget;
			buildConfigurationList = 444A18DC37C7FB21B498E28D /* Build configuration list for PBXNativeTarget "HarvestTests" */;
			buildPhases = (
				6F2300D4F2A26AF4A8A12AEE /* Sources */,
			);
			buildRules = (
			);
			dependencies = (
				788B78F756D538F497B8FEC6 /* PBXTargetDependency */,
			);
			name = HarvestTests;
			packageProductDependencies = (
			);
			productName = HarvestTests;
			productReference = 47E908298DE00CED5CFFC74C /* HarvestTests.xctest */;
			productType = "com.apple.product-type.bundle.unit-test";
		};
		B8F6FB3B2C632729B0929F7D /* Harvest */ = {
			isa = PBXNativeTarget;
			buildConfigurationList = 5531908C9C4739489248AED1 /* Build configuration list for PBXNativeTarget "Harvest" */;
			buildPhases = (
				8DD88E9EBC43BE651ADBBC1D /* Sources */,
				435E7BB90850CD333B1B3C0D /* Resources */,
			);
			buildRules = (
			);
			dependencies = (
			);
			name = Harvest;
			packageProductDependencies = (
			);
			productName = Harvest;
			productReference = BF782C138A716BFF346BA958 /* Harvest.app */;
			productType = "com.apple.product-type.application";
		};
/* End PBXNativeTarget section */

/* Begin PBXProject section */
		F058076A330BF128F8B08D94 /* Project object */ = {
			isa = PBXProject;
			attributes = {
				BuildIndependentTargetsInParallel = YES;
				LastUpgradeCheck = 2700;
				TargetAttributes = {
					1D35F899AEEE1699BAC053BF = {
						TestTargetID = B8F6FB3B2C632729B0929F7D;
					};
					B8F6FB3B2C632729B0929F7D = {
						DevelopmentTeam = SYPHAMSPW3;
						ProvisioningStyle = Automatic;
					};
				};
			};
			buildConfigurationList = C99AD9ED2D2E5AE57B90ADD1 /* Build configuration list for PBXProject "Harvest" */;
			developmentRegion = en;
			hasScannedForEncodings = 0;
			knownRegions = (
				Base,
				en,
			);
			mainGroup = 35A1821DDB333F3148A2F218;
			minimizedProjectReferenceProxies = 1;
			preferredProjectObjectVersion = 77;
			productRefGroup = AEBD3646E2162F0626552A35 /* Products */;
			projectDirPath = "";
			projectRoot = "";
			targets = (
				B8F6FB3B2C632729B0929F7D /* Harvest */,
				A703831DEF4A3C68144E4315 /* HarvestTests */,
				1D35F899AEEE1699BAC053BF /* HarvestUITests */,
			);
		};
/* End PBXProject section */

/* Begin PBXResourcesBuildPhase section */
		435E7BB90850CD333B1B3C0D /* Resources */ = {
			isa = PBXResourcesBuildPhase;
			buildActionMask = 2147483647;
			files = (
				1A623D4682786175B8F4A21E /* Assets.xcassets in Resources */,
			);
			runOnlyForDeploymentPostprocessing = 0;
		};
/* End PBXResourcesBuildPhase section */

/* Begin PBXSourcesBuildPhase section */
		6F2300D4F2A26AF4A8A12AEE /* Sources */ = {
			isa = PBXSourcesBuildPhase;
			buildActionMask = 2147483647;
			files = (
				2C91AC5087DAB54223B3E354 /* ChatThreadTests.swift in Sources */,
				F084FE97388CF3D0A1374994 /* FallbackParserTests.swift in Sources */,
				61DB9819451BE7DA32DA2794 /* FeedCardTextTests.swift in Sources */,
				A62E76252C2ECF5C1F704550 /* MasonryLayoutTests.swift in Sources */,
				BCD57DE5E03F083E5F8D77C2 /* NotAtHomeTests.swift in Sources */,
				64ED89DDDF6CE30F4DE20B4F /* NotebookEngineTests.swift in Sources */,
				96A2FFCE32E4F1EDFE56ECDC /* PromotionTests.swift in Sources */,
				FC0070B71126AC9E1C36F236 /* ReturnHintTests.swift in Sources */,
			);
			runOnlyForDeploymentPostprocessing = 0;
		};
		8DD88E9EBC43BE651ADBBC1D /* Sources */ = {
			isa = PBXSourcesBuildPhase;
			buildActionMask = 2147483647;
			files = (
				9CFA32C68C81A07352AEF2C8 /* AddTerritoryInline.swift in Sources */,
				382367D01C6A417CE2E5DD2B /* App.swift in Sources */,
				9CC0A370BF283ADEF1DA5FAC /* AppModelContainer.swift in Sources */,
				1B2D890A24D56A2FED22C1CC /* Assistant.swift in Sources */,
				21A20BA7CD4D339A4ECADD93 /* BackupService.swift in Sources */,
				ED7F48A30DB21D72644F7A53 /* CalendarExport.swift in Sources */,
				0D8B82C37CB5BEA455A996B8 /* ChatAction.swift in Sources */,
				036752F17EBE338D78EF9E84 /* ChatMessage.swift in Sources */,
				A65BE4EB16EC209DA58E2505 /* ChatThread.swift in Sources */,
				00BED3B993E2DFF8FF405450 /* ChatView.swift in Sources */,
				7F3986204128A54B22FAE9D9 /* CurrentLocationProvider.swift in Sources */,
				E7C6236F10F7FE6FEF16C0C7 /* DateHelpers.swift in Sources */,
				B06D189A43BF461B5334789E /* DoNotCall.swift in Sources */,
				F0E84496A0843FEDF141ACF3 /* ExplorePanel.swift in Sources */,
				56EB1250D6572728B7105313 /* ExploreView.swift in Sources */,
				F3426727FE6732E229BB1EE3 /* FallbackParser.swift in Sources */,
				7545CAB0B42675290D3B1426 /* FeedCards.swift in Sources */,
				E2CFE78A605763C6AB8CB0D4 /* Geocoder.swift in Sources */,
				CADD3EAEF53B69CB643581BE /* HarvestIntents.swift in Sources */,
				C51739A88021DB32B20652F9 /* ImagePicker.swift in Sources */,
				5F2EE871A1EDFB616024D6EA /* InlineLinkRows.swift in Sources */,
				4487BC52B74EBD2D505115E5 /* InterestLevel.swift in Sources */,
				C31E797A4114000F34B7F69A /* JournalEntry.swift in Sources */,
				74699FE3739FE7E776B8B217 /* LocationActionView.swift in Sources */,
				66C8D08F2FF6E2105EBB437C /* LocationPickerView.swift in Sources */,
				E485542F74BB1F67D2F8651F /* MarkdownMessage.swift in Sources */,
				49D621AFC95114428C6CDB29 /* NearbyAddresses.swift in Sources */,
				01AC9DE51C754B8C7F16EA85 /* NotAtHome.swift in Sources */,
				6D68402AC16CFEF521FA58F9 /* NotAtHomePromotion.swift in Sources */,
				C2C1DDD3D6C1CE9DE2CAB82B /* NotebookEngine.swift in Sources */,
				EBF6497A60DAC4F6AC4FFD27 /* NotificationCoordinator.swift in Sources */,
				82F0DAAAE37077A541670F8A /* OnboardingView.swift in Sources */,
				080E27A7DE78DC86496F2C14 /* Persistence.swift in Sources */,
				2F6ABA329024D0CF3C3C0A58 /* Person.swift in Sources */,
				E469C6014527B4F2D900E90F /* PersonDetailView.swift in Sources */,
				CFD966F9CE01E7F3DCA9FDE0 /* RecentlyDeletedView.swift in Sources */,
				8102630197509B3EA189F0D9 /* ReminderScheduler.swift in Sources */,
				5DA6B148F45F6B06C6EDABC0 /* ReturnHint.swift in Sources */,
				6028DDDF5A0FEC86E453F38D /* RootView.swift in Sources */,
				22CD245E8EEABA7F70672F8F /* ScanTerritoryView.swift in Sources */,
				C929121D1F073FD5B2703B5F /* ServicePlan.swift in Sources */,
				6C0D1DFB72F861A8C761D145 /* ServicePlansView.swift in Sources */,
				F70D8E37A459B86ABC4E51B8 /* SettingsView.swift in Sources */,
				7181F4682F8C182982543E30 /* SpeechTranscriber.swift in Sources */,
				ABBF10D7F48DFF2405D6B615 /* Territory.swift in Sources */,
				B4619E227E85AE1E7D286CFF /* TerritoryDetailView.swift in Sources */,
				7F39D6CF9ADDB4FFE0626880 /* TextRecognizer.swift in Sources */,
			);
			runOnlyForDeploymentPostprocessing = 0;
		};
		D9B8EE231B1AFA89AEEDF015 /* Sources */ = {
			isa = PBXSourcesBuildPhase;
			buildActionMask = 2147483647;
			files = (
				90D2375949436764BFC809AC /* RVUITests.swift in Sources */,
			);
			runOnlyForDeploymentPostprocessing = 0;
		};
/* End PBXSourcesBuildPhase section */

/* Begin PBXTargetDependency section */
		5DDE403F2D64ECD26ED9E805 /* PBXTargetDependency */ = {
			isa = PBXTargetDependency;
			target = B8F6FB3B2C632729B0929F7D /* Harvest */;
			targetProxy = B3EC7A2709D774CF3170F405 /* PBXContainerItemProxy */;
		};
		788B78F756D538F497B8FEC6 /* PBXTargetDependency */ = {
			isa = PBXTargetDependency;
			target = B8F6FB3B2C632729B0929F7D /* Harvest */;
			targetProxy = CAE853F859DC82B38F4743F9 /* PBXContainerItemProxy */;
		};
/* End PBXTargetDependency section */

/* Begin XCBuildConfiguration section */
		0510A11BE32BC0F1AF35F5E9 /* Release */ = {
			isa = XCBuildConfiguration;
			buildSettings = {
				ALWAYS_SEARCH_USER_PATHS = NO;
				CLANG_ANALYZER_NONNULL = YES;
				CLANG_ANALYZER_NUMBER_OBJECT_CONVERSION = YES_AGGRESSIVE;
				CLANG_CXX_LANGUAGE_STANDARD = "gnu++14";
				CLANG_CXX_LIBRARY = "libc++";
				CLANG_ENABLE_MODULES = YES;
				CLANG_ENABLE_OBJC_ARC = YES;
				CLANG_ENABLE_OBJC_WEAK = YES;
				CLANG_WARN_BLOCK_CAPTURE_AUTORELEASING = YES;
				CLANG_WARN_BOOL_CONVERSION = YES;
				CLANG_WARN_COMMA = YES;
				CLANG_WARN_CONSTANT_CONVERSION = YES;
				CLANG_WARN_DEPRECATED_OBJC_IMPLEMENTATIONS = YES;
				CLANG_WARN_DIRECT_OBJC_ISA_USAGE = YES_ERROR;
				CLANG_WARN_DOCUMENTATION_COMMENTS = YES;
				CLANG_WARN_EMPTY_BODY = YES;
				CLANG_WARN_ENUM_CONVERSION = YES;
				CLANG_WARN_INFINITE_RECURSION = YES;
				CLANG_WARN_INT_CONVERSION = YES;
				CLANG_WARN_NON_LITERAL_NULL_CONVERSION = YES;
				CLANG_WARN_OBJC_IMPLICIT_RETAIN_SELF = YES;
				CLANG_WARN_OBJC_LITERAL_CONVERSION = YES;
				CLANG_WARN_OBJC_ROOT_CLASS = YES_ERROR;
				CLANG_WARN_QUOTED_INCLUDE_IN_FRAMEWORK_HEADER = YES;
				CLANG_WARN_RANGE_LOOP_ANALYSIS = YES;
				CLANG_WARN_STRICT_PROTOTYPES = YES;
				CLANG_WARN_SUSPICIOUS_MOVE = YES;
				CLANG_WARN_UNGUARDED_AVAILABILITY = YES_AGGRESSIVE;
				CLANG_WARN_UNREACHABLE_CODE = YES;
				CLANG_WARN__DUPLICATE_METHOD_MATCH = YES;
				COPY_PHASE_STRIP = NO;
				CURRENT_PROJECT_VERSION = 1;
				DEBUG_INFORMATION_FORMAT = "dwarf-with-dsym";
				ENABLE_NS_ASSERTIONS = NO;
				ENABLE_STRICT_OBJC_MSGSEND = YES;
				ENABLE_USER_SCRIPT_SANDBOXING = YES;
				GCC_C_LANGUAGE_STANDARD = gnu11;
				GCC_NO_COMMON_BLOCKS = YES;
				GCC_WARN_64_TO_32_BIT_CONVERSION = YES;
				GCC_WARN_ABOUT_RETURN_TYPE = YES_ERROR;
				GCC_WARN_UNDECLARED_SELECTOR = YES;
				GCC_WARN_UNINITIALIZED_AUTOS = YES_AGGRESSIVE;
				GCC_WARN_UNUSED_FUNCTION = YES;
				GCC_WARN_UNUSED_VARIABLE = YES;
				IPHONEOS_DEPLOYMENT_TARGET = 27.0;
				MARKETING_VERSION = 1.0;
				MTL_ENABLE_DEBUG_INFO = NO;
				MTL_FAST_MATH = YES;
				PRODUCT_NAME = "$(TARGET_NAME)";
				SDKROOT = iphoneos;
				STRING_CATALOG_GENERATE_SYMBOLS = YES;
				SWIFT_COMPILATION_MODE = wholemodule;
				SWIFT_OPTIMIZATION_LEVEL = "-O";
				SWIFT_STRICT_CONCURRENCY = complete;
				SWIFT_VERSION = 6.0;
			};
			name = Release;
		};
		21463AB8786602887065410D /* Release */ = {
			isa = XCBuildConfiguration;
			buildSettings = {
				ASSETCATALOG_COMPILER_APPICON_NAME = AppIcon;
				ASSETCATALOG_COMPILER_GLOBAL_ACCENT_COLOR_NAME = AccentColor;
				CODE_SIGN_IDENTITY = "Apple Development";
				CODE_SIGN_STYLE = Automatic;
				DEVELOPMENT_TEAM = SYPHAMSPW3;
				INFOPLIST_FILE = Sources/Info.plist;
				INFOPLIST_KEY_UIApplicationSupportsIndirectInputEvents = YES;
				LD_RUNPATH_SEARCH_PATHS = (
					"$(inherited)",
					"@executable_path/Frameworks",
				);
				PRODUCT_BUNDLE_IDENTIFIER = com.camgrigo.ReturnVisitNotebook;
				SDKROOT = iphoneos;
				TARGETED_DEVICE_FAMILY = 1;
			};
			name = Release;
		};
		627FF3E0DCB004DABE842FDB /* Debug */ = {
			isa = XCBuildConfiguration;
			buildSettings = {
				ASSETCATALOG_COMPILER_APPICON_NAME = AppIcon;
				ASSETCATALOG_COMPILER_GLOBAL_ACCENT_COLOR_NAME = AccentColor;
				CODE_SIGN_IDENTITY = "Apple Development";
				CODE_SIGN_STYLE = Automatic;
				DEVELOPMENT_TEAM = SYPHAMSPW3;
				INFOPLIST_FILE = Sources/Info.plist;
				INFOPLIST_KEY_UIApplicationSupportsIndirectInputEvents = YES;
				LD_RUNPATH_SEARCH_PATHS = (
					"$(inherited)",
					"@executable_path/Frameworks",
				);
				PRODUCT_BUNDLE_IDENTIFIER = com.camgrigo.ReturnVisitNotebook;
				SDKROOT = iphoneos;
				TARGETED_DEVICE_FAMILY = 1;
			};
			name = Debug;
		};
		882AC292D1E9D508953F9D3D /* Debug */ = {
			isa = XCBuildConfiguration;
			buildSettings = {
				BUNDLE_LOADER = "$(TEST_HOST)";
				GENERATE_INFOPLIST_FILE = YES;
				LD_RUNPATH_SEARCH_PATHS = (
					"$(inherited)",
					"@executable_path/Frameworks",
					"@loader_path/Frameworks",
				);
				PRODUCT_BUNDLE_IDENTIFIER = com.camgrigo.HarvestTests;
				SDKROOT = iphoneos;
				TARGETED_DEVICE_FAMILY = 1;
				TEST_HOST = "$(BUILT_PRODUCTS_DIR)/Harvest.app/Harvest";
			};
			name = Debug;
		};
		9CEF829F474FA287EFCA4C9E /* Release */ = {
			isa = XCBuildConfiguration;
			buildSettings = {
				BUNDLE_LOADER = "$(TEST_HOST)";
				GENERATE_INFOPLIST_FILE = YES;
				LD_RUNPATH_SEARCH_PATHS = (
					"$(inherited)",
					"@executable_path/Frameworks",
					"@loader_path/Frameworks",
				);
				PRODUCT_BUNDLE_IDENTIFIER = com.camgrigo.HarvestUITests;
				SDKROOT = iphoneos;
				TARGETED_DEVICE_FAMILY = 1;
				TEST_TARGET_NAME = Harvest;
			};
			name = Release;
		};
		C172E3FB805D917547B165F8 /* Release */ = {
			isa = XCBuildConfiguration;
			buildSettings = {
				BUNDLE_LOADER = "$(TEST_HOST)";
				GENERATE_INFOPLIST_FILE = YES;
				LD_RUNPATH_SEARCH_PATHS = (
					"$(inherited)",
					"@executable_path/Frameworks",
					"@loader_path/Frameworks",
				);
				PRODUCT_BUNDLE_IDENTIFIER = com.camgrigo.HarvestTests;
				SDKROOT = iphoneos;
				TARGETED_DEVICE_FAMILY = 1;
				TEST_HOST = "$(BUILT_PRODUCTS_DIR)/Harvest.app/Harvest";
			};
			name = Release;
		};
		C74222E4349F7FF3CD680AD7 /* Debug */ = {
			isa = XCBuildConfiguration;
			buildSettings = {
				BUNDLE_LOADER = "$(TEST_HOST)";
				GENERATE_INFOPLIST_FILE = YES;
				LD_RUNPATH_SEARCH_PATHS = (
					"$(inherited)",
					"@executable_path/Frameworks",
					"@loader_path/Frameworks",
				);
				PRODUCT_BUNDLE_IDENTIFIER = com.camgrigo.HarvestUITests;
				SDKROOT = iphoneos;
				TARGETED_DEVICE_FAMILY = 1;
				TEST_TARGET_NAME = Harvest;
			};
			name = Debug;
		};
		D8E45B441A2CF9C41B63F68B /* Debug */ = {
			isa = XCBuildConfiguration;
			buildSettings = {
				ALWAYS_SEARCH_USER_PATHS = NO;
				CLANG_ANALYZER_NONNULL = YES;
				CLANG_ANALYZER_NUMBER_OBJECT_CONVERSION = YES_AGGRESSIVE;
				CLANG_CXX_LANGUAGE_STANDARD = "gnu++14";
				CLANG_CXX_LIBRARY = "libc++";
				CLANG_ENABLE_MODULES = YES;
				CLANG_ENABLE_OBJC_ARC = YES;
				CLANG_ENABLE_OBJC_WEAK = YES;
				CLANG_WARN_BLOCK_CAPTURE_AUTORELEASING = YES;
				CLANG_WARN_BOOL_CONVERSION = YES;
				CLANG_WARN_COMMA = YES;
				CLANG_WARN_CONSTANT_CONVERSION = YES;
				CLANG_WARN_DEPRECATED_OBJC_IMPLEMENTATIONS = YES;
				CLANG_WARN_DIRECT_OBJC_ISA_USAGE = YES_ERROR;
				CLANG_WARN_DOCUMENTATION_COMMENTS = YES;
				CLANG_WARN_EMPTY_BODY = YES;
				CLANG_WARN_ENUM_CONVERSION = YES;
				CLANG_WARN_INFINITE_RECURSION = YES;
				CLANG_WARN_INT_CONVERSION = YES;
				CLANG_WARN_NON_LITERAL_NULL_CONVERSION = YES;
				CLANG_WARN_OBJC_IMPLICIT_RETAIN_SELF = YES;
				CLANG_WARN_OBJC_LITERAL_CONVERSION = YES;
				CLANG_WARN_OBJC_ROOT_CLASS = YES_ERROR;
				CLANG_WARN_QUOTED_INCLUDE_IN_FRAMEWORK_HEADER = YES;
				CLANG_WARN_RANGE_LOOP_ANALYSIS = YES;
				CLANG_WARN_STRICT_PROTOTYPES = YES;
				CLANG_WARN_SUSPICIOUS_MOVE = YES;
				CLANG_WARN_UNGUARDED_AVAILABILITY = YES_AGGRESSIVE;
				CLANG_WARN_UNREACHABLE_CODE = YES;
				CLANG_WARN__DUPLICATE_METHOD_MATCH = YES;
				COPY_PHASE_STRIP = NO;
				CURRENT_PROJECT_VERSION = 1;
				DEBUG_INFORMATION_FORMAT = dwarf;
				ENABLE_STRICT_OBJC_MSGSEND = YES;
				ENABLE_TESTABILITY = YES;
				ENABLE_USER_SCRIPT_SANDBOXING = YES;
				GCC_C_LANGUAGE_STANDARD = gnu11;
				GCC_DYNAMIC_NO_PIC = NO;
				GCC_NO_COMMON_BLOCKS = YES;
				GCC_OPTIMIZATION_LEVEL = 0;
				GCC_PREPROCESSOR_DEFINITIONS = (
					"$(inherited)",
					"DEBUG=1",
				);
				GCC_WARN_64_TO_32_BIT_CONVERSION = YES;
				GCC_WARN_ABOUT_RETURN_TYPE = YES_ERROR;
				GCC_WARN_UNDECLARED_SELECTOR = YES;
				GCC_WARN_UNINITIALIZED_AUTOS = YES_AGGRESSIVE;
				GCC_WARN_UNUSED_FUNCTION = YES;
				GCC_WARN_UNUSED_VARIABLE = YES;
				IPHONEOS_DEPLOYMENT_TARGET = 27.0;
				MARKETING_VERSION = 1.0;
				MTL_ENABLE_DEBUG_INFO = INCLUDE_SOURCE;
				MTL_FAST_MATH = YES;
				ONLY_ACTIVE_ARCH = YES;
				PRODUCT_NAME = "$(TARGET_NAME)";
				SDKROOT = iphoneos;
				STRING_CATALOG_GENERATE_SYMBOLS = YES;
				SWIFT_ACTIVE_COMPILATION_CONDITIONS = DEBUG;
				SWIFT_OPTIMIZATION_LEVEL = "-Onone";
				SWIFT_STRICT_CONCURRENCY = complete;
				SWIFT_VERSION = 6.0;
			};
			name = Debug;
		};
/* End XCBuildConfiguration section */

/* Begin XCConfigurationList section */
		444A18DC37C7FB21B498E28D /* Build configuration list for PBXNativeTarget "HarvestTests" */ = {
			isa = XCConfigurationList;
			buildConfigurations = (
				882AC292D1E9D508953F9D3D /* Debug */,
				C172E3FB805D917547B165F8 /* Release */,
			);
			defaultConfigurationIsVisible = 0;
			defaultConfigurationName = Debug;
		};
		5531908C9C4739489248AED1 /* Build configuration list for PBXNativeTarget "Harvest" */ = {
			isa = XCConfigurationList;
			buildConfigurations = (
				627FF3E0DCB004DABE842FDB /* Debug */,
				21463AB8786602887065410D /* Release */,
			);
			defaultConfigurationIsVisible = 0;
			defaultConfigurationName = Debug;
		};
		6B4024DFABE1802E21C570F0 /* Build configuration list for PBXNativeTarget "HarvestUITests" */ = {
			isa = XCConfigurationList;
			buildConfigurations = (
				C74222E4349F7FF3CD680AD7 /* Debug */,
				9CEF829F474FA287EFCA4C9E /* Release */,
			);
			defaultConfigurationIsVisible = 0;
			defaultConfigurationName = Debug;
		};
		C99AD9ED2D2E5AE57B90ADD1 /* Build configuration list for PBXProject "Harvest" */ = {
			isa = XCConfigurationList;
			buildConfigurations = (
				D8E45B441A2CF9C41B63F68B /* Debug */,
				0510A11BE32BC0F1AF35F5E9 /* Release */,
			);
			defaultConfigurationIsVisible = 0;
			defaultConfigurationName = Debug;
		};
/* End XCConfigurationList section */
	};
	rootObject = F058076A330BF128F8B08D94 /* Project object */;
}
